
Microsoft Visual Studio Solution File, Format Version 12.00
# Visual Studio 15
VisualStudioVersion = 15.0.28307.136
MinimumVisualStudioVersion = 10.0.40219.1
Project("{FAE04EC0-301F-11D3-BF4B-00C04F79EFBC}") = "Server", "Server\Server.csproj", "{527407E3-6FC0-44A3-8F0D-58A6AE4A3783}"
EndProject
Project("{FAE04EC0-301F-11D3-BF4B-00C04F79EFBC}") = "Client", "Client\Client.csproj", "{1BE60DDB-A430-49C0-A574-A317FB60603E}"
EndProject
Project("{FAE04EC0-301F-11D3-BF4B-00C04F79EFBC}") = "Shared", "Shared\Shared.csproj", "{A620C909-707D-4755-9369-36046DABB352}"
EndProject
Global
	GlobalSection(SolutionConfigurationPlatforms) = preSolution
		Debug|Any CPU = Debug|Any CPU
		Release|Any CPU = Release|Any CPU
	EndGlobalSection
	GlobalSection(ProjectConfigurationPlatforms) = postSolution
		{527407E3-6FC0-44A3-8F0D-58A6AE4A3783}.Debug|Any CPU.ActiveCfg = Debug|Any CPU
		{527407E3-6FC0-44A3-8F0D-58A6AE4A3783}.Debug|Any CPU.Build.0 = Debug|Any CPU
		{527407E3-6FC0-44A3-8F0D-58A6AE4A3783}.Release|Any CPU.ActiveCfg = Release|Any CPU
		{527407E3-6FC0-44A3-8F0D-58A6AE4A3783}.Release|Any CPU.Build.0 = Release|Any CPU
		{1BE60DDB-A430-49C0-A574-A317FB60603E}.Debug|Any CPU.ActiveCfg = Debug|Any CPU
		{1BE60DDB-A430-49C0-A574-A317FB60603E}.Debug|Any CPU.Build.0 = Debug|Any CPU
		{1BE60DDB-A430-49C0-A574-A317FB60603E}.Release|Any CPU.ActiveCfg = Release|Any CPU
		{1BE60DDB-A430-49C0-A574-A317FB60603E}.Release|Any CPU.Build.0 = Release|Any CPU
		{A620C909-707D-4755-9369-36046DABB352}.Debug|Any CPU.ActiveCfg = Debug|Any CPU
		{A620C909-707D-4755-9369-36046DABB352}.Debug|Any CPU.Build.0 = Debug|Any CPU
		{A620C909-707D-4755-9369-36046DABB352}.Release|Any CPU.ActiveCfg = Release|Any CPU
		{A620C909-707D-4755-9369-36046DABB352}.Release|Any CPU.Build.0 = Release|Any CPU
	EndGlobalSection
	GlobalSection(SolutionProperties) = preSolution
		HideSolutionNode = FALSE
	EndGlobalSection
	GlobalSection(ExtensibilityGlobals) = postSolution
		SolutionGuid = {D51BEA53-AD12-463A-80B0-D0A33A8BDAC4}
	EndGlobalSection
EndGlobal
